
Microsoft Visual Studio Solution File, Format Version 12.00
# Visual Studio Version 16
VisualStudioVersion = 16.0.32002.261
MinimumVisualStudioVersion = 10.0.40219.1
Project("{FAE04EC0-301F-11D3-BF4B-00C04F79EFBC}") = "Gestion_expertise", "Gestion_expertise\Gestion_expertise.csproj", "{4D4D7F5C-D23E-4D21-B22D-59C1B4C199B5}"
EndProject
Project("{54435603-DBB4-11D2-8724-00A0C9A8B90C}") = "gesion expertise setup", "gesion expertise setup\gesion expertise setup.vdproj", "{5BB3E78D-6BF2-4C56-958D-93D381BF466E}"
EndProject
Global
	GlobalSection(SolutionConfigurationPlatforms) = preSolution
		Debug|Any CPU = Debug|Any CPU
		Release|Any CPU = Release|Any CPU
	EndGlobalSection
	GlobalSection(ProjectConfigurationPlatforms) = postSolution
		{4D4D7F5C-D23E-4D21-B22D-59C1B4C199B5}.Debug|Any CPU.ActiveCfg = Debug|Any CPU
		{4D4D7F5C-D23E-4D21-B22D-59C1B4C199B5}.Debug|Any CPU.Build.0 = Debug|Any CPU
		{4D4D7F5C-D23E-4D21-B22D-59C1B4C199B5}.Release|Any CPU.ActiveCfg = Release|Any CPU
		{4D4D7F5C-D23E-4D21-B22D-59C1B4C199B5}.Release|Any CPU.Build.0 = Release|Any CPU
		{5BB3E78D-6BF2-4C56-958D-93D381BF466E}.Debug|Any CPU.ActiveCfg = Debug
		{5BB3E78D-6BF2-4C56-958D-93D381BF466E}.Release|Any CPU.ActiveCfg = Release
	EndGlobalSection
	GlobalSection(SolutionProperties) = preSolution
		HideSolutionNode = FALSE
	EndGlobalSection
	GlobalSection(ExtensibilityGlobals) = postSolution
		SolutionGuid = {0C8C2B37-E1FB-41CF-AD52-D8ADD409FA2C}
	EndGlobalSection
EndGlobal
